
Microsoft Visual Studio Solution File, Format Version 12.00
# Visual Studio Version 17
VisualStudioVersion = 17.11.35327.3
MinimumVisualStudioVersion = 10.0.40219.1
Project("{FAE04EC0-301F-11D3-BF4B-00C04F79EFBC}") = "Online_Survey", "Online_Survey\Online_Survey.csproj", "{583AA0ED-5340-495D-B988-311BF49B7C65}"
EndProject
Global
	GlobalSection(SolutionConfigurationPlatforms) = preSolution
		Debug|Any CPU = Debug|Any CPU
		Release|Any CPU = Release|Any CPU
	EndGlobalSection
	GlobalSection(ProjectConfigurationPlatforms) = postSolution
		{583AA0ED-5340-495D-B988-311BF49B7C65}.Debug|Any CPU.ActiveCfg = Debug|Any CPU
		{583AA0ED-5340-495D-B988-311BF49B7C65}.Debug|Any CPU.Build.0 = Debug|Any CPU
		{583AA0ED-5340-495D-B988-311BF49B7C65}.Release|Any CPU.ActiveCfg = Release|Any CPU
		{583AA0ED-5340-495D-B988-311BF49B7C65}.Release|Any CPU.Build.0 = Release|Any CPU
	EndGlobalSection
	GlobalSection(SolutionProperties) = preSolution
		HideSolutionNode = FALSE
	EndGlobalSection
	GlobalSection(ExtensibilityGlobals) = postSolution
		SolutionGuid = {20B48CC3-70B9-4164-8969-516B2C37249F}
	EndGlobalSection
EndGlobal
